// !$*UTF8*$!
{
	archiveVersion = 1;
	classes = {
	};
	objectVersion = 46;
	objects = {

/* Begin PBXBuildFile section */
		843FFF3E1EB8E5E200D474D7 /* VCLLoggingViewController.swift in Sources */ = {isa = PBXBuildFile; fileRef = 843FFF3D1EB8E5E200D474D7 /* VCLLoggingViewController.swift */; };
		8451BBB81EB49E9C003F1DE8 /* FacialExpression.swift in Sources */ = {isa = PBXBuildFile; fileRef = 8451BBB71EB49E9C003F1DE8 /* FacialExpression.swift */; };
		84D368691EB8C2DA00496349 /* EmotionsViewController.swift in Sources */ = {isa = PBXBuildFile; fileRef = 84D368681EB8C2DA00496349 /* EmotionsViewController.swift */; };
		84DE617B1EA62A8100931EE1 /* AppDelegate.swift in Sources */ = {isa = PBXBuildFile; fileRef = 84DE617A1EA62A8100931EE1 /* AppDelegate.swift */; };
		84DE617D1EA62A8100931EE1 /* FaceViewController.swift in Sources */ = {isa = PBXBuildFile; fileRef = 84DE617C1EA62A8100931EE1 /* FaceViewController.swift */; };
		84DE61801EA62A8100931EE1 /* Main.storyboard in Resources */ = {isa = PBXBuildFile; fileRef = 84DE617E1EA62A8100931EE1 /* Main.storyboard */; };
		84DE61821EA62A8100931EE1 /* Assets.xcassets in Resources */ = {isa = PBXBuildFile; fileRef = 84DE61811EA62A8100931EE1 /* Assets.xcassets */; };
		84DE61851EA62A8100931EE1 /* LaunchScreen.storyboard in Resources */ = {isa = PBXBuildFile; fileRef = 84DE61831EA62A8100931EE1 /* LaunchScreen.storyboard */; };
		84DE618E1EA62AEF00931EE1 /* FaceView.swift in Sources */ = {isa = PBXBuildFile; fileRef = 84DE618D1EA62AEF00931EE1 /* FaceView.swift */; };
/* End PBXBuildFile section */

/* Begin PBXFileReference section */
		843FFF3D1EB8E5E200D474D7 /* VCLLoggingViewController.swift */ = {isa = PBXFileReference; fileEncoding = 4; lastKnownFileType = sourcecode.swift; path = VCLLoggingViewController.swift; sourceTree = "<group>"; };
		8451BBB71EB49E9C003F1DE8 /* FacialExpression.swift */ = {isa = PBXFileReference; fileEncoding = 4; lastKnownFileType = sourcecode.swift; path = FacialExpression.swift; sourceTree = "<group>"; };
		84D368681EB8C2DA00496349 /* EmotionsViewController.swift */ = {isa = PBXFileReference; fileEncoding = 4; lastKnownFileType = sourcecode.swift; path = EmotionsViewController.swift; sourceTree = "<group>"; };
		84DE61771EA62A8100931EE1 /* Facelt.app */ = {isa = PBXFileReference; explicitFileType = wrapper.application; includeInIndex = 0; path = Facelt.app; sourceTree = BUILT_PRODUCTS_DIR; };
		84DE617A1EA62A8100931EE1 /* AppDelegate.swift */ = {isa = PBXFileReference; lastKnownFileType = sourcecode.swift; path = AppDelegate.swift; sourceTree = "<group>"; };
		84DE617C1EA62A8100931EE1 /* FaceViewController.swift */ = {isa = PBXFileReference; lastKnownFileType = sourcecode.swift; path = FaceViewController.swift; sourceTree = "<group>"; };
		84DE617F1EA62A8100931EE1 /* Base */ = {isa = PBXFileReference; lastKnownFileType = file.storyboard; name = Base; path = Base.lproj/Main.storyboard; sourceTree = "<group>"; };
		84DE61811EA62A8100931EE1 /* Assets.xcassets */ = {isa = PBXFileReference; lastKnownFileType = folder.assetcatalog; path = Assets.xcassets; sourceTree = "<group>"; };
		84DE61841EA62A8100931EE1 /* Base */ = {isa = PBXFileReference; lastKnownFileType = file.storyboard; name = Base; path = Base.lproj/LaunchScreen.storyboard; sourceTree = "<group>"; };
		84DE61861EA62A8100931EE1 /* Info.plist */ = {isa = PBXFileReference; lastKnownFileType = text.plist.xml; path = Info.plist; sourceTree = "<group>"; };
		84DE618D1EA62AEF00931EE1 /* FaceView.swift */ = {isa = PBXFileReference; fileEncoding = 4; lastKnownFileType = sourcecode.swift; path = FaceView.swift; sourceTree = "<group>"; };
/* End PBXFileReference section */

/* Begin PBXFrameworksBuildPhase section */
		84DE61741EA62A8100931EE1 /* Frameworks */ = {
			isa = PBXFrameworksBuildPhase;
			buildActionMask = 2147483647;
			files = (
			);
			runOnlyForDeploymentPostprocessing = 0;
		};
/* End PBXFrameworksBuildPhase section */

/* Begin PBXGroup section */
		84DE616E1EA62A8100931EE1 = {
			isa = PBXGroup;
			children = (
				84DE61791EA62A8100931EE1 /* Facelt */,
				84DE61781EA62A8100931EE1 /* Products */,
			);
			sourceTree = "<group>";
		};
		84DE61781EA62A8100931EE1 /* Products */ = {
			isa = PBXGroup;
			children = (
				84DE61771EA62A8100931EE1 /* Facelt.app */,
			);
			name = Products;
			sourceTree = "<group>";
		};
		84DE61791EA62A8100931EE1 /* Facelt */ = {
			isa = PBXGroup;
			children = (
				84D368681EB8C2DA00496349 /* EmotionsViewController.swift */,
				84DE617C1EA62A8100931EE1 /* FaceViewController.swift */,
				8451BBB71EB49E9C003F1DE8 /* FacialExpression.swift */,
				84DE618D1EA62AEF00931EE1 /* FaceView.swift */,
				84DE617E1EA62A8100931EE1 /* Main.storyboard */,
				843FFF3D1EB8E5E200D474D7 /* VCLLoggingViewController.swift */,
				84DE618C1EA62A8900931EE1 /* Supporting Files */,
			);
			path = Facelt;
			sourceTree = "<group>";
		};
		84DE618C1EA62A8900931EE1 /* Supporting Files */ = {
			isa = PBXGroup;
			children = (
				84DE617A1EA62A8100931EE1 /* AppDelegate.swift */,
				84DE61811EA62A8100931EE1 /* Assets.xcassets */,
				84DE61831EA62A8100931EE1 /* LaunchScreen.storyboard */,
				84DE61861EA62A8100931EE1 /* Info.plist */,
			);
			name = "Supporting Files";
			sourceTree = "<group>";
		};
/* End PBXGroup section */

/* Begin PBXNativeTarget section */
		84DE61761EA62A8100931EE1 /* Facelt */ = {
			isa = PBXNativeTarget;
			buildConfigurationList = 84DE61891EA62A8100931EE1 /* Build configuration list for PBXNativeTarget "Facelt" */;
			buildPhases = (
				84DE61731EA62A8100931EE1 /* Sources */,
				84DE61741EA62A8100931EE1 /* Frameworks */,
				84DE61751EA62A8100931EE1 /* Resources */,
			);
			buildRules = (
			);
			dependencies = (
			);
			name = Facelt;
			productName = Facelt;
			productReference = 84DE61771EA62A8100931EE1 /* Facelt.app */;
			productType = "com.apple.product-type.application";
		};
/* End PBXNativeTarget section */

/* Begin PBXProject section */
		84DE616F1EA62A8100931EE1 /* Project object */ = {
			isa = PBXProject;
			attributes = {
				LastSwiftUpdateCheck = 0830;
				LastUpgradeCheck = 0830;
				ORGANIZATIONNAME = rusel95;
				TargetAttributes = {
					84DE61761EA62A8100931EE1 = {
						CreatedOnToolsVersion = 8.3;
						DevelopmentTeam = FWHF624C4H;
						ProvisioningStyle = Automatic;
					};
				};
			};
			buildConfigurationList = 84DE61721EA62A8100931EE1 /* Build configuration list for PBXProject "Facelt" */;
			compatibilityVersion = "Xcode 3.2";
			developmentRegion = English;
			hasScannedForEncodings = 0;
			knownRegions = (
				en,
				Base,
			);
			mainGroup = 84DE616E1EA62A8100931EE1;
			productRefGroup = 84DE61781EA62A8100931EE1 /* Products */;
			projectDirPath = "";
			projectRoot = "";
			targets = (
				84DE61761EA62A8100931EE1 /* Facelt */,
			);
		};
/* End PBXProject section */

/* Begin PBXResourcesBuildPhase section */
		84DE61751EA62A8100931EE1 /* Resources */ = {
			isa = PBXResourcesBuildPhase;
			buildActionMask = 2147483647;
			files = (
				84DE61851EA62A8100931EE1 /* LaunchScreen.storyboard in Resources */,
				84DE61821EA62A8100931EE1 /* Assets.xcassets in Resources */,
				84DE61801EA62A8100931EE1 /* Main.storyboard in Resources */,
			);
			runOnlyForDeploymentPostprocessing = 0;
		};
/* End PBXResourcesBuildPhase section */

/* Begin PBXSourcesBuildPhase section */
		84DE61731EA62A8100931EE1 /* Sources */ = {
			isa = PBXSourcesBuildPhase;
			buildActionMask = 2147483647;
			files = (
				843FFF3E1EB8E5E200D474D7 /* VCLLoggingViewController.swift in Sources */,
				84DE617D1EA62A8100931EE1 /* FaceViewController.swift in Sources */,
				8451BBB81EB49E9C003F1DE8 /* FacialExpression.swift in Sources */,
				84D368691EB8C2DA00496349 /* EmotionsViewController.swift in Sources */,
				84DE617B1EA62A8100931EE1 /* AppDelegate.swift in Sources */,
				84DE618E1EA62AEF00931EE1 /* FaceView.swift in Sources */,
			);
			runOnlyForDeploymentPostprocessing = 0;
		};
/* End PBXSourcesBuildPhase section */

/* Begin PBXVariantGroup section */
		84DE617E1EA62A8100931EE1 /* Main.storyboard */ = {
			isa = PBXVariantGroup;
			children = (
				84DE617F1EA62A8100931EE1 /* Base */,
			);
			name = Main.storyboard;
			sourceTree = "<group>";
		};
		84DE61831EA62A8100931EE1 /* LaunchScreen.storyboard */ = {
			isa = PBXVariantGroup;
			children = (
				84DE61841EA62A8100931EE1 /* Base */,
			);
			name = LaunchScreen.storyboard;
			sourceTree = "<group>";
		};
/* End PBXVariantGroup section */

/* Begin XCBuildConfiguration section */
		84DE61871EA62A8100931EE1 /* Debug */ = {
			isa = XCBuildConfiguration;
			buildSettings = {
				ALWAYS_SEARCH_USER_PATHS = NO;
				CLANG_ANALYZER_NONNULL = YES;
				CLANG_ANALYZER_NUMBER_OBJECT_CONVERSION = YES_AGGRESSIVE;
				CLANG_CXX_LANGUAGE_STANDARD = "gnu++0x";
				CLANG_CXX_LIBRARY = "libc++";
				CLANG_ENABLE_MODULES = YES;
				CLANG_ENABLE_OBJC_ARC = YES;
				CLANG_WARN_BOOL_CONVERSION = YES;
				CLANG_WARN_CONSTANT_CONVERSION = YES;
				CLANG_WARN_DIRECT_OBJC_ISA_USAGE = YES_ERROR;
				CLANG_WARN_DOCUMENTATION_COMMENTS = YES;
				CLANG_WARN_EMPTY_BODY = YES;
				CLANG_WARN_ENUM_CONVERSION = YES;
				CLANG_WARN_INFINITE_RECURSION = YES;
				CLANG_WARN_INT_CONVERSION = YES;
				CLANG_WARN_OBJC_ROOT_CLASS = YES_ERROR;
				CLANG_WARN_SUSPICIOUS_MOVE = YES;
				CLANG_WARN_UNREACHABLE_CODE = YES;
				CLANG_WARN__DUPLICATE_METHOD_MATCH = YES;
				"CODE_SIGN_IDENTITY[sdk=iphoneos*]" = "iPhone Developer";
				COPY_PHASE_STRIP = NO;
				DEBUG_INFORMATION_FORMAT = dwarf;
				ENABLE_STRICT_OBJC_MSGSEND = YES;
				ENABLE_TESTABILITY = YES;
				GCC_C_LANGUAGE_STANDARD = gnu99;
				GCC_DYNAMIC_NO_PIC = NO;
				GCC_NO_COMMON_BLOCKS = YES;
				GCC_OPTIMIZATION_LEVEL = 0;
				GCC_PREPROCESSOR_DEFINITIONS = (
					"DEBUG=1",
					"$(inherited)",
				);
				GCC_WARN_64_TO_32_BIT_CONVERSION = YES;
				GCC_WARN_ABOUT_RETURN_TYPE = YES_ERROR;
				GCC_WARN_UNDECLARED_SELECTOR = YES;
				GCC_WARN_UNINITIALIZED_AUTOS = YES_AGGRESSIVE;
				GCC_WARN_UNUSED_FUNCTION = YES;
				GCC_WARN_UNUSED_VARIABLE = YES;
				IPHONEOS_DEPLOYMENT_TARGET = 10.3;
				MTL_ENABLE_DEBUG_INFO = YES;
				ONLY_ACTIVE_ARCH = YES;
				SDKROOT = iphoneos;
				SWIFT_ACTIVE_COMPILATION_CONDITIONS = DEBUG;
				SWIFT_OPTIMIZATION_LEVEL = "-Onone";
			};
			name = Debug;
		};
		84DE61881EA62A8100931EE1 /* Release */ = {
			isa = XCBuildConfiguration;
			buildSettings = {
				ALWAYS_SEARCH_USER_PATHS = NO;
				CLANG_ANALYZER_NONNULL = YES;
				CLANG_ANALYZER_NUMBER_OBJECT_CONVERSION = YES_AGGRESSIVE;
				CLANG_CXX_LANGUAGE_STANDARD = "gnu++0x";
				CLANG_CXX_LIBRARY = "libc++";
				CLANG_ENABLE_MODULES = YES;
				CLANG_ENABLE_OBJC_ARC = YES;
				CLANG_WARN_BOOL_CONVERSION = YES;
				CLANG_WARN_CONSTANT_CONVERSION = YES;
				CLANG_WARN_DIRECT_OBJC_ISA_USAGE = YES_ERROR;
				CLANG_WARN_DOCUMENTATION_COMMENTS = YES;
				CLANG_WARN_EMPTY_BODY = YES;
				CLANG_WARN_ENUM_CONVERSION = YES;
				CLANG_WARN_INFINITE_RECURSION = YES;
				CLANG_WARN_INT_CONVERSION = YES;
				CLANG_WARN_OBJC_ROOT_CLASS = YES_ERROR;
				CLANG_WARN_SUSPICIOUS_MOVE = YES;
				CLANG_WARN_UNREACHABLE_CODE = YES;
				CLANG_WARN__DUPLICATE_METHOD_MATCH = YES;
				"CODE_SIGN_IDENTITY[sdk=iphoneos*]" = "iPhone Developer";
				COPY_PHASE_STRIP = NO;
				DEBUG_INFORMATION_FORMAT = "dwarf-with-dsym";
				ENABLE_NS_ASSERTIONS = NO;
				ENABLE_STRICT_OBJC_MSGSEND = YES;
				GCC_C_LANGUAGE_STANDARD = gnu99;
				GCC_NO_COMMON_BLOCKS = YES;
				GCC_WARN_64_TO_32_BIT_CONVERSION = YES;
				GCC_WARN_ABOUT_RETURN_TYPE = YES_ERROR;
				GCC_WARN_UNDECLARED_SELECTOR = YES;
				GCC_WARN_UNINITIALIZED_AUTOS = YES_AGGRESSIVE;
				GCC_WARN_UNUSED_FUNCTION = YES;
				GCC_WARN_UNUSED_VARIABLE = YES;
				IPHONEOS_DEPLOYMENT_TARGET = 10.3;
				MTL_ENABLE_DEBUG_INFO = NO;
				SDKROOT = iphoneos;
				SWIFT_OPTIMIZATION_LEVEL = "-Owholemodule";
				VALIDATE_PRODUCT = YES;
			};
			name = Release;
		};
		84DE618A1EA62A8100931EE1 /* Debug */ = {
			isa = XCBuildConfiguration;
			buildSettings = {
				ASSETCATALOG_COMPILER_APPICON_NAME = AppIcon;
				DEVELOPMENT_TEAM = FWHF624C4H;
				INFOPLIST_FILE = Facelt/Info.plist;
				IPHONEOS_DEPLOYMENT_TARGET = 10.0;
				LD_RUNPATH_SEARCH_PATHS = "$(inherited) @executable_path/Frameworks";
				PRODUCT_BUNDLE_IDENTIFIER = com.rusel95.Facelt;
				PRODUCT_NAME = "$(TARGET_NAME)";
				SWIFT_VERSION = 3.0;
				TARGETED_DEVICE_FAMILY = "1,2";
			};
			name = Debug;
		};
		84DE618B1EA62A8100931EE1 /* Release */ = {
			isa = XCBuildConfiguration;
			buildSettings = {
				ASSETCATALOG_COMPILER_APPICON_NAME = AppIcon;
				DEVELOPMENT_TEAM = FWHF624C4H;
				INFOPLIST_FILE = Facelt/Info.plist;
				IPHONEOS_DEPLOYMENT_TARGET = 10.0;
				LD_RUNPATH_SEARCH_PATHS = "$(inherited) @executable_path/Frameworks";
				PRODUCT_BUNDLE_IDENTIFIER = com.rusel95.Facelt;
				PRODUCT_NAME = "$(TARGET_NAME)";
				SWIFT_VERSION = 3.0;
				TARGETED_DEVICE_FAMILY = "1,2";
			};
			name = Release;
		};
/* End XCBuildConfiguration section */

/* Begin XCConfigurationList section */
		84DE61721EA62A8100931EE1 /* Build configuration list for PBXProject "Facelt" */ = {
			isa = XCConfigurationList;
			buildConfigurations = (
				84DE61871EA62A8100931EE1 /* Debug */,
				84DE61881EA62A8100931EE1 /* Release */,
			);
			defaultConfigurationIsVisible = 0;
			defaultConfigurationName = Release;
		};
		84DE61891EA62A8100931EE1 /* Build configuration list for PBXNativeTarget "Facelt" */ = {
			isa = XCConfigurationList;
			buildConfigurations = (
				84DE618A1EA62A8100931EE1 /* Debug */,
				84DE618B1EA62A8100931EE1 /* Release */,
			);
			defaultConfigurationIsVisible = 0;
			defaultConfigurationName = Release;
		};
/* End XCConfigurationList section */
	};
	rootObject = 84DE616F1EA62A8100931EE1 /* Project object */;
}
